
Microsoft Visual Studio Solution File, Format Version 12.00
# Visual Studio Version 16
VisualStudioVersion = 16.0.32126.315
MinimumVisualStudioVersion = 10.0.40219.1
Project("{FAE04EC0-301F-11D3-BF4B-00C04F79EFBC}") = "CsharpEncryptionDecryptor", "CsharpEncryptionDecryptor.csproj", "{D0A00C5F-EF65-466A-B54A-194354684CF6}"
EndProject
Global
	GlobalSection(SolutionConfigurationPlatforms) = preSolution
		Debug|Any CPU = Debug|Any CPU
		Release|Any CPU = Release|Any CPU
	EndGlobalSection
	GlobalSection(ProjectConfigurationPlatforms) = postSolution
		{D0A00C5F-EF65-466A-B54A-194354684CF6}.Debug|Any CPU.ActiveCfg = Debug|Any CPU
		{D0A00C5F-EF65-466A-B54A-194354684CF6}.Debug|Any CPU.Build.0 = Debug|Any CPU
		{D0A00C5F-EF65-466A-B54A-194354684CF6}.Release|Any CPU.ActiveCfg = Release|Any CPU
		{D0A00C5F-EF65-466A-B54A-194354684CF6}.Release|Any CPU.Build.0 = Release|Any CPU
	EndGlobalSection
	GlobalSection(SolutionProperties) = preSolution
		HideSolutionNode = FALSE
	EndGlobalSection
	GlobalSection(ExtensibilityGlobals) = postSolution
		SolutionGuid = {BC01C274-9D39-423F-8965-7316C5D44CE4}
	EndGlobalSection
EndGlobal
